
Microsoft Visual Studio Solution File, Format Version 12.00
# Visual Studio Version 17
VisualStudioVersion = 17.10.35122.118
MinimumVisualStudioVersion = 10.0.40219.1
Project("{FAE04EC0-301F-11D3-BF4B-00C04F79EFBC}") = "EmployeeManagementSystemTaskDec24.API", "EmployeeManagementSystemTaskDec24.API\EmployeeManagementSystemTaskDec24.API.csproj", "{ABC3FA4B-7C0A-4F12-ADCD-84C6DD85974A}"
EndProject
Project("{FAE04EC0-301F-11D3-BF4B-00C04F79EFBC}") = "EmployeeManagementSystemTaskDec24.Business", "EmployeeManagementSystemTaskDec24.Business\EmployeeManagementSystemTaskDec24.Business.csproj", "{309BEA81-CF68-4760-B231-01D0F50CED61}"
EndProject
Project("{FAE04EC0-301F-11D3-BF4B-00C04F79EFBC}") = "EmployeeManagementSystemTaskDec24.Repository", "EmployeeManagementSystemTaskDec24.Repository\EmployeeManagementSystemTaskDec24.Repository.csproj", "{8485BF05-37F2-4E8F-AEB1-4CEC3AC32AA0}"
EndProject
Global
	GlobalSection(SolutionConfigurationPlatforms) = preSolution
		Debug|Any CPU = Debug|Any CPU
		Release|Any CPU = Release|Any CPU
	EndGlobalSection
	GlobalSection(ProjectConfigurationPlatforms) = postSolution
		{ABC3FA4B-7C0A-4F12-ADCD-84C6DD85974A}.Debug|Any CPU.ActiveCfg = Debug|Any CPU
		{ABC3FA4B-7C0A-4F12-ADCD-84C6DD85974A}.Debug|Any CPU.Build.0 = Debug|Any CPU
		{ABC3FA4B-7C0A-4F12-ADCD-84C6DD85974A}.Release|Any CPU.ActiveCfg = Release|Any CPU
		{ABC3FA4B-7C0A-4F12-ADCD-84C6DD85974A}.Release|Any CPU.Build.0 = Release|Any CPU
		{309BEA81-CF68-4760-B231-01D0F50CED61}.Debug|Any CPU.ActiveCfg = Debug|Any CPU
		{309BEA81-CF68-4760-B231-01D0F50CED61}.Debug|Any CPU.Build.0 = Debug|Any CPU
		{309BEA81-CF68-4760-B231-01D0F50CED61}.Release|Any CPU.ActiveCfg = Release|Any CPU
		{309BEA81-CF68-4760-B231-01D0F50CED61}.Release|Any CPU.Build.0 = Release|Any CPU
		{8485BF05-37F2-4E8F-AEB1-4CEC3AC32AA0}.Debug|Any CPU.ActiveCfg = Debug|Any CPU
		{8485BF05-37F2-4E8F-AEB1-4CEC3AC32AA0}.Debug|Any CPU.Build.0 = Debug|Any CPU
		{8485BF05-37F2-4E8F-AEB1-4CEC3AC32AA0}.Release|Any CPU.ActiveCfg = Release|Any CPU
		{8485BF05-37F2-4E8F-AEB1-4CEC3AC32AA0}.Release|Any CPU.Build.0 = Release|Any CPU
	EndGlobalSection
	GlobalSection(SolutionProperties) = preSolution
		HideSolutionNode = FALSE
	EndGlobalSection
	GlobalSection(ExtensibilityGlobals) = postSolution
		SolutionGuid = {AFA97962-B7F6-4193-8762-DCC1AF70DAC8}
	EndGlobalSection
EndGlobal
